
Microsoft Visual Studio Solution File, Format Version 12.00
# Visual Studio 2015
Project("{FAE04EC0-301F-11D3-BF4B-00C04F79EFBC}") = "Capstone-Project-ROTP(V2)", "Capstone-Project-ROTP(V2).csproj", "{DEED134E-DD29-BBC8-7242-1E9A791CDDD1}"
EndProject
Project("{FAE04EC0-301F-11D3-BF4B-00C04F79EFBC}") = "Capstone-Project-ROTP(V2).Editor", "Capstone-Project-ROTP(V2).Editor.csproj", "{557E2CB0-E9BB-B8F6-FAA9-FE1AC409B1A0}"
EndProject
Global
	GlobalSection(SolutionConfigurationPlatforms) = preSolution
		Debug|Any CPU = Debug|Any CPU
		Release|Any CPU = Release|Any CPU
	EndGlobalSection
	GlobalSection(ProjectConfigurationPlatforms) = postSolution
		{DEED134E-DD29-BBC8-7242-1E9A791CDDD1}.Debug|Any CPU.ActiveCfg = Debug|Any CPU
		{DEED134E-DD29-BBC8-7242-1E9A791CDDD1}.Debug|Any CPU.Build.0 = Debug|Any CPU
		{DEED134E-DD29-BBC8-7242-1E9A791CDDD1}.Release|Any CPU.ActiveCfg = Release|Any CPU
		{DEED134E-DD29-BBC8-7242-1E9A791CDDD1}.Release|Any CPU.Build.0 = Release|Any CPU
		{557E2CB0-E9BB-B8F6-FAA9-FE1AC409B1A0}.Debug|Any CPU.ActiveCfg = Debug|Any CPU
		{557E2CB0-E9BB-B8F6-FAA9-FE1AC409B1A0}.Debug|Any CPU.Build.0 = Debug|Any CPU
		{557E2CB0-E9BB-B8F6-FAA9-FE1AC409B1A0}.Release|Any CPU.ActiveCfg = Release|Any CPU
		{557E2CB0-E9BB-B8F6-FAA9-FE1AC409B1A0}.Release|Any CPU.Build.0 = Release|Any CPU
	EndGlobalSection
	GlobalSection(SolutionProperties) = preSolution
		HideSolutionNode = FALSE
	EndGlobalSection
EndGlobal
